%{"csv": {:hex, :csv, "1.4.1", "8b3a3bc9350ba04532f452c607aa24d59de03a36a2838b1ea17c274646e2f3d5", [:mix], [{:parallel_stream, "~> 1.0.3", [hex: :parallel_stream, optional: false]}]},
  "dialyxir": {:hex, :dialyxir, "0.3.3", "2f8bb8ab4e17acf4086cae847bd385c0f89296d3e3448dc304c26bfbe4b46cb4", [:mix], []},
  "parallel_stream": {:hex, :parallel_stream, "1.0.3", "773ee166669eb21b5297ce41b3c7b474be096eb8ed052d457081289a1cf2507a", [:mix], []},
  "poison": {:hex, :poison, "2.1.0", "f583218ced822675e484648fa26c933d621373f01c6c76bd00005d7bd4b82e27", [:mix], []}}
